
Microsoft Visual Studio Solution File, Format Version 11.00
# Visual Studio 2010
Project("{FAE04EC0-301F-11D3-BF4B-00C04F79EFBC}") = "EraS", "EraS\EraS.csproj", "{79DB74B5-3AD7-43AA-B607-D1D894C6DDE0}"
EndProject
Project("{FAE04EC0-301F-11D3-BF4B-00C04F79EFBC}") = "ServiceProtocol", "ServiceProtocol\ServiceProtocol.csproj", "{D180FD09-A65C-46A5-9ED0-186E46319C95}"
EndProject
Project("{2150E333-8FDC-42A3-9474-1A3956D46DE8}") = "Services", "Services", "{AA3EDA0B-02A5-4D89-ABBB-682D4ADF8573}"
EndProject
Project("{FAE04EC0-301F-11D3-BF4B-00C04F79EFBC}") = "ERA.Services.Resource", "Services\ResourceService\ERA.Services.Resource.csproj", "{592C8ACA-45DA-4E37-99A9-E371C799F487}"
EndProject
Project("{2150E333-8FDC-42A3-9474-1A3956D46DE8}") = "Tools", "Tools", "{8ABDD45A-CEE4-43E3-813E-D030F0FCF4D6}"
EndProject
Project("{FAE04EC0-301F-11D3-BF4B-00C04F79EFBC}") = "ERA.Tools.NetworkMapper", "Tools\NetworkMapper\ERA.Tools.NetworkMapper.csproj", "{30695B69-314E-4DF3-A093-2F7420E187F4}"
EndProject
Project("{FAE04EC0-301F-11D3-BF4B-00C04F79EFBC}") = "ERA.Tools.NetworkStatistics", "Tools\NetworkStatistics\ERA.Tools.NetworkStatistics.csproj", "{C61F779A-5064-415C-9C89-0EA394A63329}"
EndProject
Project("{FAE04EC0-301F-11D3-BF4B-00C04F79EFBC}") = "ERA.Services.Map", "Services\MapService\ERA.Services.Map.csproj", "{256FF57D-91F3-47A5-9AE5-11DD115E5A4A}"
EndProject
Project("{FAE04EC0-301F-11D3-BF4B-00C04F79EFBC}") = "ERA.Tools.NetworkFuzzer", "Tools\NetworkFuzzer\ERA.Tools.NetworkFuzzer.csproj", "{C71C6DA0-56F2-4563-BA33-BBE110E69C21}"
EndProject
Project("{FAE04EC0-301F-11D3-BF4B-00C04F79EFBC}") = "ERA.Tools.KillServer", "Tools\KillServer\ERA.Tools.KillServer.csproj", "{7434E8F2-9034-4BA0-B22A-0366C7CDD604}"
EndProject
Project("{FAE04EC0-301F-11D3-BF4B-00C04F79EFBC}") = "MapProtocol", "MapProtocol\MapProtocol.csproj", "{1D26E59F-14DB-44F2-94CA-2CDB46D9F9AF}"
EndProject
Project("{FAE04EC0-301F-11D3-BF4B-00C04F79EFBC}") = "ERA.Services.Player", "Services\PlayerService\ERA.Services.Player.csproj", "{39F63915-0E92-4301-AEAD-7CC3817C9A29}"
EndProject
Project("{FAE04EC0-301F-11D3-BF4B-00C04F79EFBC}") = "PlayerProtocol", "PlayerProtocol\PlayerProtocol.csproj", "{700B2309-3E14-4876-A556-2B641B5B8084}"
EndProject
Project("{2150E333-8FDC-42A3-9474-1A3956D46DE8}") = "Libraries", "Libraries", "{BE35170A-4F2F-4B74-BA77-E28102F8793C}"
EndProject
Project("{FAE04EC0-301F-11D3-BF4B-00C04F79EFBC}") = "Lidgren.Network.Lobby", "Libraries\NetworkLobby\Lidgren.Network.Lobby.csproj", "{46A4AE63-B570-41BF-8B56-5C0711260CBF}"
EndProject
Project("{FAE04EC0-301F-11D3-BF4B-00C04F79EFBC}") = "SubscriptionProtocol", "SubscriptionProtocol\SubscriptionProtocol.csproj", "{4466984A-46B0-418F-90A2-2CD80CA305CA}"
EndProject
Project("{FAE04EC0-301F-11D3-BF4B-00C04F79EFBC}") = "ERA.Tools.HeadlessClient", "Tools\HeadlessClient\ERA.Tools.HeadlessClient.csproj", "{625F96AE-6C33-4967-8B37-BA1E0D426518}"
EndProject
Project("{FAE04EC0-301F-11D3-BF4B-00C04F79EFBC}") = "ClientProtocol", "ClientProtocol\ClientProtocol.csproj", "{DE4A1299-5253-45E3-809D-CE9AF4C6475F}"
EndProject
Global
	GlobalSection(SolutionConfigurationPlatforms) = preSolution
		Debug|Any CPU = Debug|Any CPU
		Debug|Mixed Platforms = Debug|Mixed Platforms
		Debug|x86 = Debug|x86
		Release|Any CPU = Release|Any CPU
		Release|Mixed Platforms = Release|Mixed Platforms
		Release|x86 = Release|x86
	EndGlobalSection
	GlobalSection(ProjectConfigurationPlatforms) = postSolution
		{79DB74B5-3AD7-43AA-B607-D1D894C6DDE0}.Debug|Any CPU.ActiveCfg = Debug|x86
		{79DB74B5-3AD7-43AA-B607-D1D894C6DDE0}.Debug|Mixed Platforms.ActiveCfg = Debug|x86
		{79DB74B5-3AD7-43AA-B607-D1D894C6DDE0}.Debug|Mixed Platforms.Build.0 = Debug|x86
		{79DB74B5-3AD7-43AA-B607-D1D894C6DDE0}.Debug|x86.ActiveCfg = Debug|x86
		{79DB74B5-3AD7-43AA-B607-D1D894C6DDE0}.Debug|x86.Build.0 = Debug|x86
		{79DB74B5-3AD7-43AA-B607-D1D894C6DDE0}.Release|Any CPU.ActiveCfg = Release|x86
		{79DB74B5-3AD7-43AA-B607-D1D894C6DDE0}.Release|Mixed Platforms.ActiveCfg = Release|x86
		{79DB74B5-3AD7-43AA-B607-D1D894C6DDE0}.Release|Mixed Platforms.Build.0 = Release|x86
		{79DB74B5-3AD7-43AA-B607-D1D894C6DDE0}.Release|x86.ActiveCfg = Release|x86
		{79DB74B5-3AD7-43AA-B607-D1D894C6DDE0}.Release|x86.Build.0 = Release|x86
		{D180FD09-A65C-46A5-9ED0-186E46319C95}.Debug|Any CPU.ActiveCfg = Debug|Any CPU
		{D180FD09-A65C-46A5-9ED0-186E46319C95}.Debug|Any CPU.Build.0 = Debug|Any CPU
		{D180FD09-A65C-46A5-9ED0-186E46319C95}.Debug|Mixed Platforms.ActiveCfg = Debug|Any CPU
		{D180FD09-A65C-46A5-9ED0-186E46319C95}.Debug|Mixed Platforms.Build.0 = Debug|Any CPU
		{D180FD09-A65C-46A5-9ED0-186E46319C95}.Debug|x86.ActiveCfg = Debug|Any CPU
		{D180FD09-A65C-46A5-9ED0-186E46319C95}.Release|Any CPU.ActiveCfg = Release|Any CPU
		{D180FD09-A65C-46A5-9ED0-186E46319C95}.Release|Any CPU.Build.0 = Release|Any CPU
		{D180FD09-A65C-46A5-9ED0-186E46319C95}.Release|Mixed Platforms.ActiveCfg = Release|Any CPU
		{D180FD09-A65C-46A5-9ED0-186E46319C95}.Release|Mixed Platforms.Build.0 = Release|Any CPU
		{D180FD09-A65C-46A5-9ED0-186E46319C95}.Release|x86.ActiveCfg = Release|Any CPU
		{592C8ACA-45DA-4E37-99A9-E371C799F487}.Debug|Any CPU.ActiveCfg = Debug|x86
		{592C8ACA-45DA-4E37-99A9-E371C799F487}.Debug|Mixed Platforms.ActiveCfg = Debug|x86
		{592C8ACA-45DA-4E37-99A9-E371C799F487}.Debug|Mixed Platforms.Build.0 = Debug|x86
		{592C8ACA-45DA-4E37-99A9-E371C799F487}.Debug|x86.ActiveCfg = Debug|x86
		{592C8ACA-45DA-4E37-99A9-E371C799F487}.Debug|x86.Build.0 = Debug|x86
		{592C8ACA-45DA-4E37-99A9-E371C799F487}.Release|Any CPU.ActiveCfg = Release|x86
		{592C8ACA-45DA-4E37-99A9-E371C799F487}.Release|Mixed Platforms.ActiveCfg = Release|x86
		{592C8ACA-45DA-4E37-99A9-E371C799F487}.Release|Mixed Platforms.Build.0 = Release|x86
		{592C8ACA-45DA-4E37-99A9-E371C799F487}.Release|x86.ActiveCfg = Release|x86
		{592C8ACA-45DA-4E37-99A9-E371C799F487}.Release|x86.Build.0 = Release|x86
		{30695B69-314E-4DF3-A093-2F7420E187F4}.Debug|Any CPU.ActiveCfg = Debug|x86
		{30695B69-314E-4DF3-A093-2F7420E187F4}.Debug|Mixed Platforms.ActiveCfg = Debug|x86
		{30695B69-314E-4DF3-A093-2F7420E187F4}.Debug|Mixed Platforms.Build.0 = Debug|x86
		{30695B69-314E-4DF3-A093-2F7420E187F4}.Debug|x86.ActiveCfg = Debug|x86
		{30695B69-314E-4DF3-A093-2F7420E187F4}.Debug|x86.Build.0 = Debug|x86
		{30695B69-314E-4DF3-A093-2F7420E187F4}.Release|Any CPU.ActiveCfg = Release|x86
		{30695B69-314E-4DF3-A093-2F7420E187F4}.Release|Mixed Platforms.ActiveCfg = Release|x86
		{30695B69-314E-4DF3-A093-2F7420E187F4}.Release|Mixed Platforms.Build.0 = Release|x86
		{30695B69-314E-4DF3-A093-2F7420E187F4}.Release|x86.ActiveCfg = Release|x86
		{30695B69-314E-4DF3-A093-2F7420E187F4}.Release|x86.Build.0 = Release|x86
		{C61F779A-5064-415C-9C89-0EA394A63329}.Debug|Any CPU.ActiveCfg = Debug|x86
		{C61F779A-5064-415C-9C89-0EA394A63329}.Debug|Mixed Platforms.ActiveCfg = Debug|x86
		{C61F779A-5064-415C-9C89-0EA394A63329}.Debug|Mixed Platforms.Build.0 = Debug|x86
		{C61F779A-5064-415C-9C89-0EA394A63329}.Debug|x86.ActiveCfg = Debug|x86
		{C61F779A-5064-415C-9C89-0EA394A63329}.Debug|x86.Build.0 = Debug|x86
		{C61F779A-5064-415C-9C89-0EA394A63329}.Release|Any CPU.ActiveCfg = Release|x86
		{C61F779A-5064-415C-9C89-0EA394A63329}.Release|Mixed Platforms.ActiveCfg = Release|x86
		{C61F779A-5064-415C-9C89-0EA394A63329}.Release|Mixed Platforms.Build.0 = Release|x86
		{C61F779A-5064-415C-9C89-0EA394A63329}.Release|x86.ActiveCfg = Release|x86
		{C61F779A-5064-415C-9C89-0EA394A63329}.Release|x86.Build.0 = Release|x86
		{256FF57D-91F3-47A5-9AE5-11DD115E5A4A}.Debug|Any CPU.ActiveCfg = Debug|x86
		{256FF57D-91F3-47A5-9AE5-11DD115E5A4A}.Debug|Mixed Platforms.ActiveCfg = Debug|x86
		{256FF57D-91F3-47A5-9AE5-11DD115E5A4A}.Debug|Mixed Platforms.Build.0 = Debug|x86
		{256FF57D-91F3-47A5-9AE5-11DD115E5A4A}.Debug|x86.ActiveCfg = Debug|x86
		{256FF57D-91F3-47A5-9AE5-11DD115E5A4A}.Debug|x86.Build.0 = Debug|x86
		{256FF57D-91F3-47A5-9AE5-11DD115E5A4A}.Release|Any CPU.ActiveCfg = Release|x86
		{256FF57D-91F3-47A5-9AE5-11DD115E5A4A}.Release|Mixed Platforms.ActiveCfg = Release|x86
		{256FF57D-91F3-47A5-9AE5-11DD115E5A4A}.Release|Mixed Platforms.Build.0 = Release|x86
		{256FF57D-91F3-47A5-9AE5-11DD115E5A4A}.Release|x86.ActiveCfg = Release|x86
		{256FF57D-91F3-47A5-9AE5-11DD115E5A4A}.Release|x86.Build.0 = Release|x86
		{C71C6DA0-56F2-4563-BA33-BBE110E69C21}.Debug|Any CPU.ActiveCfg = Debug|x86
		{C71C6DA0-56F2-4563-BA33-BBE110E69C21}.Debug|Mixed Platforms.ActiveCfg = Debug|x86
		{C71C6DA0-56F2-4563-BA33-BBE110E69C21}.Debug|Mixed Platforms.Build.0 = Debug|x86
		{C71C6DA0-56F2-4563-BA33-BBE110E69C21}.Debug|x86.ActiveCfg = Debug|x86
		{C71C6DA0-56F2-4563-BA33-BBE110E69C21}.Debug|x86.Build.0 = Debug|x86
		{C71C6DA0-56F2-4563-BA33-BBE110E69C21}.Release|Any CPU.ActiveCfg = Release|x86
		{C71C6DA0-56F2-4563-BA33-BBE110E69C21}.Release|Mixed Platforms.ActiveCfg = Release|x86
		{C71C6DA0-56F2-4563-BA33-BBE110E69C21}.Release|Mixed Platforms.Build.0 = Release|x86
		{C71C6DA0-56F2-4563-BA33-BBE110E69C21}.Release|x86.ActiveCfg = Release|x86
		{C71C6DA0-56F2-4563-BA33-BBE110E69C21}.Release|x86.Build.0 = Release|x86
		{7434E8F2-9034-4BA0-B22A-0366C7CDD604}.Debug|Any CPU.ActiveCfg = Debug|x86
		{7434E8F2-9034-4BA0-B22A-0366C7CDD604}.Debug|Mixed Platforms.ActiveCfg = Debug|x86
		{7434E8F2-9034-4BA0-B22A-0366C7CDD604}.Debug|Mixed Platforms.Build.0 = Debug|x86
		{7434E8F2-9034-4BA0-B22A-0366C7CDD604}.Debug|x86.ActiveCfg = Debug|x86
		{7434E8F2-9034-4BA0-B22A-0366C7CDD604}.Debug|x86.Build.0 = Debug|x86
		{7434E8F2-9034-4BA0-B22A-0366C7CDD604}.Release|Any CPU.ActiveCfg = Release|x86
		{7434E8F2-9034-4BA0-B22A-0366C7CDD604}.Release|Mixed Platforms.ActiveCfg = Release|x86
		{7434E8F2-9034-4BA0-B22A-0366C7CDD604}.Release|Mixed Platforms.Build.0 = Release|x86
		{7434E8F2-9034-4BA0-B22A-0366C7CDD604}.Release|x86.ActiveCfg = Release|x86
		{7434E8F2-9034-4BA0-B22A-0366C7CDD604}.Release|x86.Build.0 = Release|x86
		{1D26E59F-14DB-44F2-94CA-2CDB46D9F9AF}.Debug|Any CPU.ActiveCfg = Debug|Any CPU
		{1D26E59F-14DB-44F2-94CA-2CDB46D9F9AF}.Debug|Any CPU.Build.0 = Debug|Any CPU
		{1D26E59F-14DB-44F2-94CA-2CDB46D9F9AF}.Debug|Mixed Platforms.ActiveCfg = Debug|Any CPU
		{1D26E59F-14DB-44F2-94CA-2CDB46D9F9AF}.Debug|Mixed Platforms.Build.0 = Debug|Any CPU
		{1D26E59F-14DB-44F2-94CA-2CDB46D9F9AF}.Debug|x86.ActiveCfg = Debug|Any CPU
		{1D26E59F-14DB-44F2-94CA-2CDB46D9F9AF}.Release|Any CPU.ActiveCfg = Release|Any CPU
		{1D26E59F-14DB-44F2-94CA-2CDB46D9F9AF}.Release|Any CPU.Build.0 = Release|Any CPU
		{1D26E59F-14DB-44F2-94CA-2CDB46D9F9AF}.Release|Mixed Platforms.ActiveCfg = Release|Any CPU
		{1D26E59F-14DB-44F2-94CA-2CDB46D9F9AF}.Release|Mixed Platforms.Build.0 = Release|Any CPU
		{1D26E59F-14DB-44F2-94CA-2CDB46D9F9AF}.Release|x86.ActiveCfg = Release|Any CPU
		{39F63915-0E92-4301-AEAD-7CC3817C9A29}.Debug|Any CPU.ActiveCfg = Debug|x86
		{39F63915-0E92-4301-AEAD-7CC3817C9A29}.Debug|Mixed Platforms.ActiveCfg = Debug|x86
		{39F63915-0E92-4301-AEAD-7CC3817C9A29}.Debug|Mixed Platforms.Build.0 = Debug|x86
		{39F63915-0E92-4301-AEAD-7CC3817C9A29}.Debug|x86.ActiveCfg = Debug|x86
		{39F63915-0E92-4301-AEAD-7CC3817C9A29}.Debug|x86.Build.0 = Debug|x86
		{39F63915-0E92-4301-AEAD-7CC3817C9A29}.Release|Any CPU.ActiveCfg = Release|x86
		{39F63915-0E92-4301-AEAD-7CC3817C9A29}.Release|Mixed Platforms.ActiveCfg = Release|x86
		{39F63915-0E92-4301-AEAD-7CC3817C9A29}.Release|Mixed Platforms.Build.0 = Release|x86
		{39F63915-0E92-4301-AEAD-7CC3817C9A29}.Release|x86.ActiveCfg = Release|x86
		{39F63915-0E92-4301-AEAD-7CC3817C9A29}.Release|x86.Build.0 = Release|x86
		{700B2309-3E14-4876-A556-2B641B5B8084}.Debug|Any CPU.ActiveCfg = Debug|Any CPU
		{700B2309-3E14-4876-A556-2B641B5B8084}.Debug|Any CPU.Build.0 = Debug|Any CPU
		{700B2309-3E14-4876-A556-2B641B5B8084}.Debug|Mixed Platforms.ActiveCfg = Debug|Any CPU
		{700B2309-3E14-4876-A556-2B641B5B8084}.Debug|Mixed Platforms.Build.0 = Debug|Any CPU
		{700B2309-3E14-4876-A556-2B641B5B8084}.Debug|x86.ActiveCfg = Debug|Any CPU
		{700B2309-3E14-4876-A556-2B641B5B8084}.Release|Any CPU.ActiveCfg = Release|Any CPU
		{700B2309-3E14-4876-A556-2B641B5B8084}.Release|Any CPU.Build.0 = Release|Any CPU
		{700B2309-3E14-4876-A556-2B641B5B8084}.Release|Mixed Platforms.ActiveCfg = Release|Any CPU
		{700B2309-3E14-4876-A556-2B641B5B8084}.Release|Mixed Platforms.Build.0 = Release|Any CPU
		{700B2309-3E14-4876-A556-2B641B5B8084}.Release|x86.ActiveCfg = Release|Any CPU
		{46A4AE63-B570-41BF-8B56-5C0711260CBF}.Debug|Any CPU.ActiveCfg = Debug|x86
		{46A4AE63-B570-41BF-8B56-5C0711260CBF}.Debug|Mixed Platforms.ActiveCfg = Debug|x86
		{46A4AE63-B570-41BF-8B56-5C0711260CBF}.Debug|Mixed Platforms.Build.0 = Debug|x86
		{46A4AE63-B570-41BF-8B56-5C0711260CBF}.Debug|x86.ActiveCfg = Debug|x86
		{46A4AE63-B570-41BF-8B56-5C0711260CBF}.Debug|x86.Build.0 = Debug|x86
		{46A4AE63-B570-41BF-8B56-5C0711260CBF}.Release|Any CPU.ActiveCfg = Release|x86
		{46A4AE63-B570-41BF-8B56-5C0711260CBF}.Release|Mixed Platforms.ActiveCfg = Release|x86
		{46A4AE63-B570-41BF-8B56-5C0711260CBF}.Release|Mixed Platforms.Build.0 = Release|x86
		{46A4AE63-B570-41BF-8B56-5C0711260CBF}.Release|x86.ActiveCfg = Release|x86
		{46A4AE63-B570-41BF-8B56-5C0711260CBF}.Release|x86.Build.0 = Release|x86
		{4466984A-46B0-418F-90A2-2CD80CA305CA}.Debug|Any CPU.ActiveCfg = Debug|Any CPU
		{4466984A-46B0-418F-90A2-2CD80CA305CA}.Debug|Any CPU.Build.0 = Debug|Any CPU
		{4466984A-46B0-418F-90A2-2CD80CA305CA}.Debug|Mixed Platforms.ActiveCfg = Debug|Any CPU
		{4466984A-46B0-418F-90A2-2CD80CA305CA}.Debug|Mixed Platforms.Build.0 = Debug|Any CPU
		{4466984A-46B0-418F-90A2-2CD80CA305CA}.Debug|x86.ActiveCfg = Debug|Any CPU
		{4466984A-46B0-418F-90A2-2CD80CA305CA}.Release|Any CPU.ActiveCfg = Release|Any CPU
		{4466984A-46B0-418F-90A2-2CD80CA305CA}.Release|Any CPU.Build.0 = Release|Any CPU
		{4466984A-46B0-418F-90A2-2CD80CA305CA}.Release|Mixed Platforms.ActiveCfg = Release|Any CPU
		{4466984A-46B0-418F-90A2-2CD80CA305CA}.Release|Mixed Platforms.Build.0 = Release|Any CPU
		{4466984A-46B0-418F-90A2-2CD80CA305CA}.Release|x86.ActiveCfg = Release|Any CPU
		{625F96AE-6C33-4967-8B37-BA1E0D426518}.Debug|Any CPU.ActiveCfg = Debug|x86
		{625F96AE-6C33-4967-8B37-BA1E0D426518}.Debug|Mixed Platforms.ActiveCfg = Debug|x86
		{625F96AE-6C33-4967-8B37-BA1E0D426518}.Debug|Mixed Platforms.Build.0 = Debug|x86
		{625F96AE-6C33-4967-8B37-BA1E0D426518}.Debug|x86.ActiveCfg = Debug|x86
		{625F96AE-6C33-4967-8B37-BA1E0D426518}.Debug|x86.Build.0 = Debug|x86
		{625F96AE-6C33-4967-8B37-BA1E0D426518}.Release|Any CPU.ActiveCfg = Release|x86
		{625F96AE-6C33-4967-8B37-BA1E0D426518}.Release|Mixed Platforms.ActiveCfg = Release|x86
		{625F96AE-6C33-4967-8B37-BA1E0D426518}.Release|Mixed Platforms.Build.0 = Release|x86
		{625F96AE-6C33-4967-8B37-BA1E0D426518}.Release|x86.ActiveCfg = Release|x86
		{625F96AE-6C33-4967-8B37-BA1E0D426518}.Release|x86.Build.0 = Release|x86
		{DE4A1299-5253-45E3-809D-CE9AF4C6475F}.Debug|Any CPU.ActiveCfg = Debug|Any CPU
		{DE4A1299-5253-45E3-809D-CE9AF4C6475F}.Debug|Any CPU.Build.0 = Debug|Any CPU
		{DE4A1299-5253-45E3-809D-CE9AF4C6475F}.Debug|Mixed Platforms.ActiveCfg = Debug|Any CPU
		{DE4A1299-5253-45E3-809D-CE9AF4C6475F}.Debug|Mixed Platforms.Build.0 = Debug|Any CPU
		{DE4A1299-5253-45E3-809D-CE9AF4C6475F}.Debug|x86.ActiveCfg = Debug|Any CPU
		{DE4A1299-5253-45E3-809D-CE9AF4C6475F}.Release|Any CPU.ActiveCfg = Release|Any CPU
		{DE4A1299-5253-45E3-809D-CE9AF4C6475F}.Release|Any CPU.Build.0 = Release|Any CPU
		{DE4A1299-5253-45E3-809D-CE9AF4C6475F}.Release|Mixed Platforms.ActiveCfg = Release|Any CPU
		{DE4A1299-5253-45E3-809D-CE9AF4C6475F}.Release|Mixed Platforms.Build.0 = Release|Any CPU
		{DE4A1299-5253-45E3-809D-CE9AF4C6475F}.Release|x86.ActiveCfg = Release|Any CPU
	EndGlobalSection
	GlobalSection(SolutionProperties) = preSolution
		HideSolutionNode = FALSE
	EndGlobalSection
	GlobalSection(NestedProjects) = preSolution
		{592C8ACA-45DA-4E37-99A9-E371C799F487} = {AA3EDA0B-02A5-4D89-ABBB-682D4ADF8573}
		{256FF57D-91F3-47A5-9AE5-11DD115E5A4A} = {AA3EDA0B-02A5-4D89-ABBB-682D4ADF8573}
		{39F63915-0E92-4301-AEAD-7CC3817C9A29} = {AA3EDA0B-02A5-4D89-ABBB-682D4ADF8573}
		{30695B69-314E-4DF3-A093-2F7420E187F4} = {8ABDD45A-CEE4-43E3-813E-D030F0FCF4D6}
		{C61F779A-5064-415C-9C89-0EA394A63329} = {8ABDD45A-CEE4-43E3-813E-D030F0FCF4D6}
		{C71C6DA0-56F2-4563-BA33-BBE110E69C21} = {8ABDD45A-CEE4-43E3-813E-D030F0FCF4D6}
		{7434E8F2-9034-4BA0-B22A-0366C7CDD604} = {8ABDD45A-CEE4-43E3-813E-D030F0FCF4D6}
		{625F96AE-6C33-4967-8B37-BA1E0D426518} = {8ABDD45A-CEE4-43E3-813E-D030F0FCF4D6}
		{46A4AE63-B570-41BF-8B56-5C0711260CBF} = {BE35170A-4F2F-4B74-BA77-E28102F8793C}
	EndGlobalSection
EndGlobal
