
Microsoft Visual Studio Solution File, Format Version 11.00
# Visual Studio 2010
Project("{FAE04EC0-301F-11D3-BF4B-00C04F79EFBC}") = "EraS", "EraS\EraS.csproj", "{79DB74B5-3AD7-43AA-B607-D1D894C6DDE0}"
EndProject
Project("{FAE04EC0-301F-11D3-BF4B-00C04F79EFBC}") = "ServiceProtocol", "ServiceProtocol\ServiceProtocol.csproj", "{D180FD09-A65C-46A5-9ED0-186E46319C95}"
EndProject
Project("{2150E333-8FDC-42A3-9474-1A3956D46DE8}") = "Services", "Services", "{AA3EDA0B-02A5-4D89-ABBB-682D4ADF8573}"
EndProject
Project("{FAE04EC0-301F-11D3-BF4B-00C04F79EFBC}") = "ResourceService", "Services\ResourceService\ResourceService.csproj", "{592C8ACA-45DA-4E37-99A9-E371C799F487}"
EndProject
Project("{2150E333-8FDC-42A3-9474-1A3956D46DE8}") = "Tools", "Tools", "{8ABDD45A-CEE4-43E3-813E-D030F0FCF4D6}"
EndProject
Project("{FAE04EC0-301F-11D3-BF4B-00C04F79EFBC}") = "NetworkMapper", "Tools\NetworkMapper\NetworkMapper.csproj", "{30695B69-314E-4DF3-A093-2F7420E187F4}"
EndProject
Project("{FAE04EC0-301F-11D3-BF4B-00C04F79EFBC}") = "NetworkStatistics", "Tools\NetworkStatistics\NetworkStatistics.csproj", "{C61F779A-5064-415C-9C89-0EA394A63329}"
EndProject
Global
	GlobalSection(SolutionConfigurationPlatforms) = preSolution
		Debug|Any CPU = Debug|Any CPU
		Debug|Mixed Platforms = Debug|Mixed Platforms
		Debug|x86 = Debug|x86
		Release|Any CPU = Release|Any CPU
		Release|Mixed Platforms = Release|Mixed Platforms
		Release|x86 = Release|x86
	EndGlobalSection
	GlobalSection(ProjectConfigurationPlatforms) = postSolution
		{79DB74B5-3AD7-43AA-B607-D1D894C6DDE0}.Debug|Any CPU.ActiveCfg = Debug|x86
		{79DB74B5-3AD7-43AA-B607-D1D894C6DDE0}.Debug|Mixed Platforms.ActiveCfg = Debug|x86
		{79DB74B5-3AD7-43AA-B607-D1D894C6DDE0}.Debug|Mixed Platforms.Build.0 = Debug|x86
		{79DB74B5-3AD7-43AA-B607-D1D894C6DDE0}.Debug|x86.ActiveCfg = Debug|x86
		{79DB74B5-3AD7-43AA-B607-D1D894C6DDE0}.Debug|x86.Build.0 = Debug|x86
		{79DB74B5-3AD7-43AA-B607-D1D894C6DDE0}.Release|Any CPU.ActiveCfg = Release|x86
		{79DB74B5-3AD7-43AA-B607-D1D894C6DDE0}.Release|Mixed Platforms.ActiveCfg = Release|x86
		{79DB74B5-3AD7-43AA-B607-D1D894C6DDE0}.Release|Mixed Platforms.Build.0 = Release|x86
		{79DB74B5-3AD7-43AA-B607-D1D894C6DDE0}.Release|x86.ActiveCfg = Release|x86
		{79DB74B5-3AD7-43AA-B607-D1D894C6DDE0}.Release|x86.Build.0 = Release|x86
		{D180FD09-A65C-46A5-9ED0-186E46319C95}.Debug|Any CPU.ActiveCfg = Debug|Any CPU
		{D180FD09-A65C-46A5-9ED0-186E46319C95}.Debug|Any CPU.Build.0 = Debug|Any CPU
		{D180FD09-A65C-46A5-9ED0-186E46319C95}.Debug|Mixed Platforms.ActiveCfg = Debug|Any CPU
		{D180FD09-A65C-46A5-9ED0-186E46319C95}.Debug|Mixed Platforms.Build.0 = Debug|Any CPU
		{D180FD09-A65C-46A5-9ED0-186E46319C95}.Debug|x86.ActiveCfg = Debug|Any CPU
		{D180FD09-A65C-46A5-9ED0-186E46319C95}.Release|Any CPU.ActiveCfg = Release|Any CPU
		{D180FD09-A65C-46A5-9ED0-186E46319C95}.Release|Any CPU.Build.0 = Release|Any CPU
		{D180FD09-A65C-46A5-9ED0-186E46319C95}.Release|Mixed Platforms.ActiveCfg = Release|Any CPU
		{D180FD09-A65C-46A5-9ED0-186E46319C95}.Release|Mixed Platforms.Build.0 = Release|Any CPU
		{D180FD09-A65C-46A5-9ED0-186E46319C95}.Release|x86.ActiveCfg = Release|Any CPU
		{592C8ACA-45DA-4E37-99A9-E371C799F487}.Debug|Any CPU.ActiveCfg = Debug|x86
		{592C8ACA-45DA-4E37-99A9-E371C799F487}.Debug|Mixed Platforms.ActiveCfg = Debug|x86
		{592C8ACA-45DA-4E37-99A9-E371C799F487}.Debug|Mixed Platforms.Build.0 = Debug|x86
		{592C8ACA-45DA-4E37-99A9-E371C799F487}.Debug|x86.ActiveCfg = Debug|x86
		{592C8ACA-45DA-4E37-99A9-E371C799F487}.Debug|x86.Build.0 = Debug|x86
		{592C8ACA-45DA-4E37-99A9-E371C799F487}.Release|Any CPU.ActiveCfg = Release|x86
		{592C8ACA-45DA-4E37-99A9-E371C799F487}.Release|Mixed Platforms.ActiveCfg = Release|x86
		{592C8ACA-45DA-4E37-99A9-E371C799F487}.Release|Mixed Platforms.Build.0 = Release|x86
		{592C8ACA-45DA-4E37-99A9-E371C799F487}.Release|x86.ActiveCfg = Release|x86
		{592C8ACA-45DA-4E37-99A9-E371C799F487}.Release|x86.Build.0 = Release|x86
		{30695B69-314E-4DF3-A093-2F7420E187F4}.Debug|Any CPU.ActiveCfg = Debug|x86
		{30695B69-314E-4DF3-A093-2F7420E187F4}.Debug|Mixed Platforms.ActiveCfg = Debug|x86
		{30695B69-314E-4DF3-A093-2F7420E187F4}.Debug|Mixed Platforms.Build.0 = Debug|x86
		{30695B69-314E-4DF3-A093-2F7420E187F4}.Debug|x86.ActiveCfg = Debug|x86
		{30695B69-314E-4DF3-A093-2F7420E187F4}.Debug|x86.Build.0 = Debug|x86
		{30695B69-314E-4DF3-A093-2F7420E187F4}.Release|Any CPU.ActiveCfg = Release|x86
		{30695B69-314E-4DF3-A093-2F7420E187F4}.Release|Mixed Platforms.ActiveCfg = Release|x86
		{30695B69-314E-4DF3-A093-2F7420E187F4}.Release|Mixed Platforms.Build.0 = Release|x86
		{30695B69-314E-4DF3-A093-2F7420E187F4}.Release|x86.ActiveCfg = Release|x86
		{30695B69-314E-4DF3-A093-2F7420E187F4}.Release|x86.Build.0 = Release|x86
		{C61F779A-5064-415C-9C89-0EA394A63329}.Debug|Any CPU.ActiveCfg = Debug|x86
		{C61F779A-5064-415C-9C89-0EA394A63329}.Debug|Mixed Platforms.ActiveCfg = Debug|x86
		{C61F779A-5064-415C-9C89-0EA394A63329}.Debug|Mixed Platforms.Build.0 = Debug|x86
		{C61F779A-5064-415C-9C89-0EA394A63329}.Debug|x86.ActiveCfg = Debug|x86
		{C61F779A-5064-415C-9C89-0EA394A63329}.Debug|x86.Build.0 = Debug|x86
		{C61F779A-5064-415C-9C89-0EA394A63329}.Release|Any CPU.ActiveCfg = Release|x86
		{C61F779A-5064-415C-9C89-0EA394A63329}.Release|Mixed Platforms.ActiveCfg = Release|x86
		{C61F779A-5064-415C-9C89-0EA394A63329}.Release|Mixed Platforms.Build.0 = Release|x86
		{C61F779A-5064-415C-9C89-0EA394A63329}.Release|x86.ActiveCfg = Release|x86
		{C61F779A-5064-415C-9C89-0EA394A63329}.Release|x86.Build.0 = Release|x86
	EndGlobalSection
	GlobalSection(SolutionProperties) = preSolution
		HideSolutionNode = FALSE
	EndGlobalSection
	GlobalSection(NestedProjects) = preSolution
		{592C8ACA-45DA-4E37-99A9-E371C799F487} = {AA3EDA0B-02A5-4D89-ABBB-682D4ADF8573}
		{30695B69-314E-4DF3-A093-2F7420E187F4} = {8ABDD45A-CEE4-43E3-813E-D030F0FCF4D6}
		{C61F779A-5064-415C-9C89-0EA394A63329} = {8ABDD45A-CEE4-43E3-813E-D030F0FCF4D6}
	EndGlobalSection
EndGlobal
